
Microsoft Visual Studio Solution File, Format Version 12.00
# Visual Studio 2012
Project("{FAE04EC0-301F-11D3-BF4B-00C04F79EFBC}") = "IntelliDiff", "IntelliDiff\IntelliDiff.csproj", "{63C715AF-F735-4847-B50F-33ED1BF95D59}"
EndProject
Project("{FAE04EC0-301F-11D3-BF4B-00C04F79EFBC}") = "IntelliDiff.Specs", "IntelliDiff.Specs\IntelliDiff.Specs.csproj", "{88138294-F5A9-4C13-9D8E-FD2AFAC9C4EE}"
EndProject
Global
	GlobalSection(SolutionConfigurationPlatforms) = preSolution
		Debug|Any CPU = Debug|Any CPU
		Release|Any CPU = Release|Any CPU
	EndGlobalSection
	GlobalSection(ProjectConfigurationPlatforms) = postSolution
		{63C715AF-F735-4847-B50F-33ED1BF95D59}.Debug|Any CPU.ActiveCfg = Debug|Any CPU
		{63C715AF-F735-4847-B50F-33ED1BF95D59}.Debug|Any CPU.Build.0 = Debug|Any CPU
		{63C715AF-F735-4847-B50F-33ED1BF95D59}.Release|Any CPU.ActiveCfg = Release|Any CPU
		{63C715AF-F735-4847-B50F-33ED1BF95D59}.Release|Any CPU.Build.0 = Release|Any CPU
		{88138294-F5A9-4C13-9D8E-FD2AFAC9C4EE}.Debug|Any CPU.ActiveCfg = Debug|Any CPU
		{88138294-F5A9-4C13-9D8E-FD2AFAC9C4EE}.Debug|Any CPU.Build.0 = Debug|Any CPU
		{88138294-F5A9-4C13-9D8E-FD2AFAC9C4EE}.Release|Any CPU.ActiveCfg = Release|Any CPU
		{88138294-F5A9-4C13-9D8E-FD2AFAC9C4EE}.Release|Any CPU.Build.0 = Release|Any CPU
	EndGlobalSection
	GlobalSection(SolutionProperties) = preSolution
		HideSolutionNode = FALSE
	EndGlobalSection
EndGlobal
